Microsoft Visual Studio Solution File, Format Version 12.00
# Visual Studio Version 17
VisualStudioVersion = 17.5.2.0
MinimumVisualStudioVersion = 10.0.40219.1
Project("{FAE04EC0-301F-11D3-BF4B-00C04F79EFBC}") = "shooting_gallery", "shooting_gallery\shooting_gallery.csproj", "{0B8897DB-C3AF-C047-713A-E71F153A0883}"
EndProject
Global
	GlobalSection(SolutionConfigurationPlatforms) = preSolution
		Debug|Any CPU = Debug|Any CPU
		Release|Any CPU = Release|Any CPU
	EndGlobalSection
	GlobalSection(ProjectConfigurationPlatforms) = postSolution
		{0B8897DB-C3AF-C047-713A-E71F153A0883}.Debug|Any CPU.ActiveCfg = Debug|Any CPU
		{0B8897DB-C3AF-C047-713A-E71F153A0883}.Debug|Any CPU.Build.0 = Debug|Any CPU
		{0B8897DB-C3AF-C047-713A-E71F153A0883}.Release|Any CPU.ActiveCfg = Release|Any CPU
		{0B8897DB-C3AF-C047-713A-E71F153A0883}.Release|Any CPU.Build.0 = Release|Any CPU
	EndGlobalSection
	GlobalSection(SolutionProperties) = preSolution
		HideSolutionNode = FALSE
	EndGlobalSection
	GlobalSection(ExtensibilityGlobals) = postSolution
		SolutionGuid = {0B38F008-CEE7-4028-820F-2B9D45D04ACD}
	EndGlobalSection
EndGlobal
